{
  "nodes": {
    "linux-src": {
      "flake": false,
      "locked": {
        "lastModified": 1780549139,
        "narHash": "sha256-HkhLiKigaUCQeH6z5enWhExJtW2LLh4NHVBrSlZc3XU=",
        "ref": "refs/heads/next",
        "rev": "503c5ae1e72aa9ed91925dafa3d82ee2e992747f",
        "shallow": true,
        "type": "git",
        "url": "https://git.kernel.org/pub/scm/linux/kernel/git/westeri/thunderbolt.git"
      },
      "original": {
        "ref": "refs/heads/next",
        "shallow": true,
        "type": "git",
        "url": "https://git.kernel.org/pub/scm/linux/kernel/git/westeri/thunderbolt.git"
      }
    },
    "nixpkgs": {
      "locked": {
        "lastModified": 1781074563,
        "narHash": "sha256-md8WlXOlfnIeHeOScMTTHFyf2d6iaTwPl2apR5EQ3P4=",
        "owner": "NixOS",
        "repo": "nixpkgs",
        "rev": "9ae611a455b90cf061d8f332b977e387bda8e1ca",
        "type": "github"
      },
      "original": {
        "owner": "NixOS",
        "ref": "nixos-unstable",
        "repo": "nixpkgs",
        "type": "github"
      }
    },
    "root": {
      "inputs": {
        "linux-src": "linux-src",
        "nixpkgs": "nixpkgs"
      }
    }
  },
  "root": "root",
  "version": 7
}
