{
  "nodes": {
    "linux-src": {
      "flake": false,
      "locked": {
        "lastModified": 1779802034,
        "narHash": "sha256-AtgoTQnF7yPt7dyYJjQIy8zt1JGdebkHSmVcoUxu7Xo=",
        "ref": "refs/heads/next",
        "rev": "d73a08958e66849ea713d2f458b2fcf7b183f987",
        "shallow": true,
        "type": "git",
        "url": "https://git.kernel.org/pub/scm/linux/kernel/git/westeri/thunderbolt.git"
      },
      "original": {
        "ref": "refs/heads/next",
        "shallow": true,
        "type": "git",
        "url": "https://git.kernel.org/pub/scm/linux/kernel/git/westeri/thunderbolt.git"
      }
    },
    "nixpkgs": {
      "locked": {
        "lastModified": 1780749050,
        "narHash": "sha256-3av0pIjlOWQ6rDbNOmpUSvbNnJkGORQKKjb4LtCZsIY=",
        "owner": "NixOS",
        "repo": "nixpkgs",
        "rev": "a799d3e3886da994fa307f817a6bc705ae538eeb",
        "type": "github"
      },
      "original": {
        "owner": "NixOS",
        "ref": "nixos-unstable",
        "repo": "nixpkgs",
        "type": "github"
      }
    },
    "root": {
      "inputs": {
        "linux-src": "linux-src",
        "nixpkgs": "nixpkgs"
      }
    }
  },
  "root": "root",
  "version": 7
}
